// !$*UTF8*$!
{
	archiveVersion = 1;
	classes = {
	};
	objectVersion = 56;
	objects = {

/* Begin PBXBuildFile section */
		F764F3022B9D2EC900E75608 /* Home.swift in Sources */ = {isa = PBXBuildFile; fileRef = F764F3012B9D2EC900E75608 /* Home.swift */; };
		F764F3052B9D33EC00E75608 /* CategoryModel.swift in Sources */ = {isa = PBXBuildFile; fileRef = F764F3042B9D33EC00E75608 /* CategoryModel.swift */; };
		F764F3072B9D451D00E75608 /* ProductModel.swift in Sources */ = {isa = PBXBuildFile; fileRef = F764F3062B9D451D00E75608 /* ProductModel.swift */; };
		F764F3162B9D84B000E75608 /* Login.swift in Sources */ = {isa = PBXBuildFile; fileRef = F764F3152B9D84B000E75608 /* Login.swift */; };
		FBB7F8182B9D1E2800B58C39 /* VerdeLunarApp.swift in Sources */ = {isa = PBXBuildFile; fileRef = FBB7F8172B9D1E2800B58C39 /* VerdeLunarApp.swift */; };
		FBB7F81A2B9D1E2800B58C39 /* ContentView.swift in Sources */ = {isa = PBXBuildFile; fileRef = FBB7F8192B9D1E2800B58C39 /* ContentView.swift */; };
		FBB7F81C2B9D1E2A00B58C39 /* Assets.xcassets in Resources */ = {isa = PBXBuildFile; fileRef = FBB7F81B2B9D1E2A00B58C39 /* Assets.xcassets */; };
		FBB7F81F2B9D1E2A00B58C39 /* Preview Assets.xcassets in Resources */ = {isa = PBXBuildFile; fileRef = FBB7F81E2B9D1E2A00B58C39 /* Preview Assets.xcassets */; };
/* End PBXBuildFile section */

/* Begin PBXFileReference section */
		F764F3012B9D2EC900E75608 /* Home.swift */ = {isa = PBXFileReference; lastKnownFileType = sourcecode.swift; path = Home.swift; sourceTree = "<group>"; };
		F764F3042B9D33EC00E75608 /* CategoryModel.swift */ = {isa = PBXFileReference; lastKnownFileType = sourcecode.swift; path = CategoryModel.swift; sourceTree = "<group>"; };
		F764F3062B9D451D00E75608 /* ProductModel.swift */ = {isa = PBXFileReference; lastKnownFileType = sourcecode.swift; path = ProductModel.swift; sourceTree = "<group>"; };
		F764F3152B9D84B000E75608 /* Login.swift */ = {isa = PBXFileReference; lastKnownFileType = sourcecode.swift; path = Login.swift; sourceTree = "<group>"; };
		FBB7F8142B9D1E2800B58C39 /* VerdeLunar.app */ = {isa = PBXFileReference; explicitFileType = wrapper.application; includeInIndex = 0; path = VerdeLunar.app; sourceTree = BUILT_PRODUCTS_DIR; };
		FBB7F8172B9D1E2800B58C39 /* VerdeLunarApp.swift */ = {isa = PBXFileReference; lastKnownFileType = sourcecode.swift; path = VerdeLunarApp.swift; sourceTree = "<group>"; };
		FBB7F8192B9D1E2800B58C39 /* ContentView.swift */ = {isa = PBXFileReference; lastKnownFileType = sourcecode.swift; path = ContentView.swift; sourceTree = "<group>"; };
		FBB7F81B2B9D1E2A00B58C39 /* Assets.xcassets */ = {isa = PBXFileReference; lastKnownFileType = folder.assetcatalog; path = Assets.xcassets; sourceTree = "<group>"; };
		FBB7F81E2B9D1E2A00B58C39 /* Preview Assets.xcassets */ = {isa = PBXFileReference; lastKnownFileType = folder.assetcatalog; path = "Preview Assets.xcassets"; sourceTree = "<group>"; };
/* End PBXFileReference section */

/* Begin PBXFrameworksBuildPhase section */
		FBB7F8112B9D1E2800B58C39 /* Frameworks */ = {
			isa = PBXFrameworksBuildPhase;
			buildActionMask = 2147483647;
			files = (
			);
			runOnlyForDeploymentPostprocessing = 0;
		};
/* End PBXFrameworksBuildPhase section */

/* Begin PBXGroup section */
		F764F2FE2B9D2E8B00E75608 /* View */ = {
			isa = PBXGroup;
			children = (
				F764F3012B9D2EC900E75608 /* Home.swift */,
				F764F3152B9D84B000E75608 /* Login.swift */,
			);
			path = View;
			sourceTree = "<group>";
		};
		F764F3032B9D33D400E75608 /* Model */ = {
			isa = PBXGroup;
			children = (
				F764F3042B9D33EC00E75608 /* CategoryModel.swift */,
				F764F3062B9D451D00E75608 /* ProductModel.swift */,
			);
			path = Model;
			sourceTree = "<group>";
		};
		FBB7F80B2B9D1E2800B58C39 = {
			isa = PBXGroup;
			children = (
				FBB7F8162B9D1E2800B58C39 /* VerdeLunar */,
				FBB7F8152B9D1E2800B58C39 /* Products */,
			);
			sourceTree = "<group>";
		};
		FBB7F8152B9D1E2800B58C39 /* Products */ = {
			isa = PBXGroup;
			children = (
				FBB7F8142B9D1E2800B58C39 /* VerdeLunar.app */,
			);
			name = Products;
			sourceTree = "<group>";
		};
		FBB7F8162B9D1E2800B58C39 /* VerdeLunar */ = {
			isa = PBXGroup;
			children = (
				F764F3032B9D33D400E75608 /* Model */,
				F764F2FE2B9D2E8B00E75608 /* View */,
				FBB7F8172B9D1E2800B58C39 /* VerdeLunarApp.swift */,
				FBB7F8192B9D1E2800B58C39 /* ContentView.swift */,
				FBB7F81B2B9D1E2A00B58C39 /* Assets.xcassets */,
				FBB7F81D2B9D1E2A00B58C39 /* Preview Content */,
			);
			path = VerdeLunar;
			sourceTree = "<group>";
		};
		FBB7F81D2B9D1E2A00B58C39 /* Preview Content */ = {
			isa = PBXGroup;
			children = (
				FBB7F81E2B9D1E2A00B58C39 /* Preview Assets.xcassets */,
			);
			path = "Preview Content";
			sourceTree = "<group>";
		};
/* End PBXGroup section */

/* Begin PBXNativeTarget section */
		FBB7F8132B9D1E2800B58C39 /* VerdeLunar */ = {
			isa = PBXNativeTarget;
			buildConfigurationList = FBB7F8222B9D1E2A00B58C39 /* Build configuration list for PBXNativeTarget "VerdeLunar" */;
			buildPhases = (
				FBB7F8102B9D1E2800B58C39 /* Sources */,
				FBB7F8112B9D1E2800B58C39 /* Frameworks */,
				FBB7F8122B9D1E2800B58C39 /* Resources */,
			);
			buildRules = (
			);
			dependencies = (
			);
			name = VerdeLunar;
			productName = VerdeLunar;
			productReference = FBB7F8142B9D1E2800B58C39 /* VerdeLunar.app */;
			productType = "com.apple.product-type.application";
		};
/* End PBXNativeTarget section */

/* Begin PBXProject section */
		FBB7F80C2B9D1E2800B58C39 /* Project object */ = {
			isa = PBXProject;
			attributes = {
				BuildIndependentTargetsInParallel = 1;
				LastSwiftUpdateCheck = 1530;
				LastUpgradeCheck = 1530;
				TargetAttributes = {
					FBB7F8132B9D1E2800B58C39 = {
						CreatedOnToolsVersion = 15.3;
					};
				};
			};
			buildConfigurationList = FBB7F80F2B9D1E2800B58C39 /* Build configuration list for PBXProject "VerdeLunar" */;
			compatibilityVersion = "Xcode 14.0";
			developmentRegion = en;
			hasScannedForEncodings = 0;
			knownRegions = (
				en,
				Base,
			);
			mainGroup = FBB7F80B2B9D1E2800B58C39;
			productRefGroup = FBB7F8152B9D1E2800B58C39 /* Products */;
			projectDirPath = "";
			projectRoot = "";
			targets = (
				FBB7F8132B9D1E2800B58C39 /* VerdeLunar */,
			);
		};
/* End PBXProject section */

/* Begin PBXResourcesBuildPhase section */
		FBB7F8122B9D1E2800B58C39 /* Resources */ = {
			isa = PBXResourcesBuildPhase;
			buildActionMask = 2147483647;
			files = (
				FBB7F81F2B9D1E2A00B58C39 /* Preview Assets.xcassets in Resources */,
				FBB7F81C2B9D1E2A00B58C39 /* Assets.xcassets in Resources */,
			);
			runOnlyForDeploymentPostprocessing = 0;
		};
/* End PBXResourcesBuildPhase section */

/* Begin PBXSourcesBuildPhase section */
		FBB7F8102B9D1E2800B58C39 /* Sources */ = {
			isa = PBXSourcesBuildPhase;
			buildActionMask = 2147483647;
			files = (
				FBB7F81A2B9D1E2800B58C39 /* ContentView.swift in Sources */,
				F764F3052B9D33EC00E75608 /* CategoryModel.swift in Sources */,
				F764F3022B9D2EC900E75608 /* Home.swift in Sources */,
				F764F3162B9D84B000E75608 /* Login.swift in Sources */,
				FBB7F8182B9D1E2800B58C39 /* VerdeLunarApp.swift in Sources */,
				F764F3072B9D451D00E75608 /* ProductModel.swift in Sources */,
			);
			runOnlyForDeploymentPostprocessing = 0;
		};
/* End PBXSourcesBuildPhase section */

/* Begin XCBuildConfiguration section */
		FBB7F8202B9D1E2A00B58C39 /* Debug */ = {
			isa = XCBuildConfiguration;
			buildSettings = {
				ALWAYS_SEARCH_USER_PATHS = NO;
				ASSETCATALOG_COMPILER_GENERATE_SWIFT_ASSET_SYMBOL_EXTENSIONS = YES;
				CLANG_ANALYZER_NONNULL = YES;
				CLANG_ANALYZER_NUMBER_OBJECT_CONVERSION = YES_AGGRESSIVE;
				CLANG_CXX_LANGUAGE_STANDARD = "gnu++20";
				CLANG_ENABLE_MODULES = YES;
				CLANG_ENABLE_OBJC_ARC = YES;
				CLANG_ENABLE_OBJC_WEAK = YES;
				CLANG_WARN_BLOCK_CAPTURE_AUTORELEASING = YES;
				CLANG_WARN_BOOL_CONVERSION = YES;
				CLANG_WARN_COMMA = YES;
				CLANG_WARN_CONSTANT_CONVERSION = YES;
				CLANG_WARN_DEPRECATED_OBJC_IMPLEMENTATIONS = YES;
				CLANG_WARN_DIRECT_OBJC_ISA_USAGE = YES_ERROR;
				CLANG_WARN_DOCUMENTATION_COMMENTS = YES;
				CLANG_WARN_EMPTY_BODY = YES;
				CLANG_WARN_ENUM_CONVERSION = YES;
				CLANG_WARN_INFINITE_RECURSION = YES;
				CLANG_WARN_INT_CONVERSION = YES;
				CLANG_WARN_NON_LITERAL_NULL_CONVERSION = YES;
				CLANG_WARN_OBJC_IMPLICIT_RETAIN_SELF = YES;
				CLANG_WARN_OBJC_LITERAL_CONVERSION = YES;
				CLANG_WARN_OBJC_ROOT_CLASS = YES_ERROR;
				CLANG_WARN_QUOTED_INCLUDE_IN_FRAMEWORK_HEADER = YES;
				CLANG_WARN_RANGE_LOOP_ANALYSIS = YES;
				CLANG_WARN_STRICT_PROTOTYPES = YES;
				CLANG_WARN_SUSPICIOUS_MOVE = YES;
				CLANG_WARN_UNGUARDED_AVAILABILITY = YES_AGGRESSIVE;
				CLANG_WARN_UNREACHABLE_CODE = YES;
				CLANG_WARN__DUPLICATE_METHOD_MATCH = YES;
				COPY_PHASE_STRIP = NO;
				DEBUG_INFORMATION_FORMAT = dwarf;
				ENABLE_STRICT_OBJC_MSGSEND = YES;
				ENABLE_TESTABILITY = YES;
				ENABLE_USER_SCRIPT_SANDBOXING = YES;
				GCC_C_LANGUAGE_STANDARD = gnu17;
				GCC_DYNAMIC_NO_PIC = NO;
				GCC_NO_COMMON_BLOCKS = YES;
				GCC_OPTIMIZATION_LEVEL = 0;
				GCC_PREPROCESSOR_DEFINITIONS = (
					"DEBUG=1",
					"$(inherited)",
				);
				GCC_WARN_64_TO_32_BIT_CONVERSION = YES;
				GCC_WARN_ABOUT_RETURN_TYPE = YES_ERROR;
				GCC_WARN_UNDECLARED_SELECTOR = YES;
				GCC_WARN_UNINITIALIZED_AUTOS = YES_AGGRESSIVE;
				GCC_WARN_UNUSED_FUNCTION = YES;
				GCC_WARN_UNUSED_VARIABLE = YES;
				IPHONEOS_DEPLOYMENT_TARGET = 17.4;
				LOCALIZATION_PREFERS_STRING_CATALOGS = YES;
				MTL_ENABLE_DEBUG_INFO = INCLUDE_SOURCE;
				MTL_FAST_MATH = YES;
				ONLY_ACTIVE_ARCH = YES;
				SDKROOT = iphoneos;
				SWIFT_ACTIVE_COMPILATION_CONDITIONS = "DEBUG $(inherited)";
				SWIFT_OPTIMIZATION_LEVEL = "-Onone";
			};
			name = Debug;
		};
		FBB7F8212B9D1E2A00B58C39 /* Release */ = {
			isa = XCBuildConfiguration;
			buildSettings = {
				ALWAYS_SEARCH_USER_PATHS = NO;
				ASSETCATALOG_COMPILER_GENERATE_SWIFT_ASSET_SYMBOL_EXTENSIONS = YES;
				CLANG_ANALYZER_NONNULL = YES;
				CLANG_ANALYZER_NUMBER_OBJECT_CONVERSION = YES_AGGRESSIVE;
				CLANG_CXX_LANGUAGE_STANDARD = "gnu++20";
				CLANG_ENABLE_MODULES = YES;
				CLANG_ENABLE_OBJC_ARC = YES;
				CLANG_ENABLE_OBJC_WEAK = YES;
				CLANG_WARN_BLOCK_CAPTURE_AUTORELEASING = YES;
				CLANG_WARN_BOOL_CONVERSION = YES;
				CLANG_WARN_COMMA = YES;
				CLANG_WARN_CONSTANT_CONVERSION = YES;
				CLANG_WARN_DEPRECATED_OBJC_IMPLEMENTATIONS = YES;
				CLANG_WARN_DIRECT_OBJC_ISA_USAGE = YES_ERROR;
				CLANG_WARN_DOCUMENTATION_COMMENTS = YES;
				CLANG_WARN_EMPTY_BODY = YES;
				CLANG_WARN_ENUM_CONVERSION = YES;
				CLANG_WARN_INFINITE_RECURSION = YES;
				CLANG_WARN_INT_CONVERSION = YES;
				CLANG_WARN_NON_LITERAL_NULL_CONVERSION = YES;
				CLANG_WARN_OBJC_IMPLICIT_RETAIN_SELF = YES;
				CLANG_WARN_OBJC_LITERAL_CONVERSION = YES;
				CLANG_WARN_OBJC_ROOT_CLASS = YES_ERROR;
				CLANG_WARN_QUOTED_INCLUDE_IN_FRAMEWORK_HEADER = YES;
				CLANG_WARN_RANGE_LOOP_ANALYSIS = YES;
				CLANG_WARN_STRICT_PROTOTYPES = YES;
				CLANG_WARN_SUSPICIOUS_MOVE = YES;
				CLANG_WARN_UNGUARDED_AVAILABILITY = YES_AGGRESSIVE;
				CLANG_WARN_UNREACHABLE_CODE = YES;
				CLANG_WARN__DUPLICATE_METHOD_MATCH = YES;
				COPY_PHASE_STRIP = NO;
				DEBUG_INFORMATION_FORMAT = "dwarf-with-dsym";
				ENABLE_NS_ASSERTIONS = NO;
				ENABLE_STRICT_OBJC_MSGSEND = YES;
				ENABLE_USER_SCRIPT_SANDBOXING = YES;
				GCC_C_LANGUAGE_STANDARD = gnu17;
				GCC_NO_COMMON_BLOCKS = YES;
				GCC_WARN_64_TO_32_BIT_CONVERSION = YES;
				GCC_WARN_ABOUT_RETURN_TYPE = YES_ERROR;
				GCC_WARN_UNDECLARED_SELECTOR = YES;
				GCC_WARN_UNINITIALIZED_AUTOS = YES_AGGRESSIVE;
				GCC_WARN_UNUSED_FUNCTION = YES;
				GCC_WARN_UNUSED_VARIABLE = YES;
				IPHONEOS_DEPLOYMENT_TARGET = 17.4;
				LOCALIZATION_PREFERS_STRING_CATALOGS = YES;
				MTL_ENABLE_DEBUG_INFO = NO;
				MTL_FAST_MATH = YES;
				SDKROOT = iphoneos;
				SWIFT_COMPILATION_MODE = wholemodule;
				VALIDATE_PRODUCT = YES;
			};
			name = Release;
		};
		FBB7F8232B9D1E2A00B58C39 /* Debug */ = {
			isa = XCBuildConfiguration;
			buildSettings = {
				ASSETCATALOG_COMPILER_APPICON_NAME = AppIcon;
				ASSETCATALOG_COMPILER_GLOBAL_ACCENT_COLOR_NAME = AccentColor;
				CODE_SIGN_STYLE = Automatic;
				CURRENT_PROJECT_VERSION = 1;
				DEVELOPMENT_ASSET_PATHS = "\"VerdeLunar/Preview Content\"";
				ENABLE_PREVIEWS = YES;
				GENERATE_INFOPLIST_FILE = YES;
				INFOPLIST_KEY_UIApplicationSceneManifest_Generation = YES;
				INFOPLIST_KEY_UIApplicationSupportsIndirectInputEvents = YES;
				INFOPLIST_KEY_UILaunchScreen_Generation = YES;
				INFOPLIST_KEY_UISupportedInterfaceOrientations_iPad = "UIInterfaceOrientationPortrait UIInterfaceOrientationPortraitUpsideDown UIInterfaceOrientationLandscapeLeft UIInterfaceOrientationLandscapeRight";
				INFOPLIST_KEY_UISupportedInterfaceOrientations_iPhone = "UIInterfaceOrientationPortrait UIInterfaceOrientationLandscapeLeft UIInterfaceOrientationLandscapeRight";
				LD_RUNPATH_SEARCH_PATHS = (
					"$(inherited)",
					"@executable_path/Frameworks",
				);
				MARKETING_VERSION = 1.0;
				PRODUCT_BUNDLE_IDENTIFIER = mx.tec.VerdeLunar;
				PRODUCT_NAME = "$(TARGET_NAME)";
				SWIFT_EMIT_LOC_STRINGS = YES;
				SWIFT_VERSION = 5.0;
				TARGETED_DEVICE_FAMILY = "1,2";
			};
			name = Debug;
		};
		FBB7F8242B9D1E2A00B58C39 /* Release */ = {
			isa = XCBuildConfiguration;
			buildSettings = {
				ASSETCATALOG_COMPILER_APPICON_NAME = AppIcon;
				ASSETCATALOG_COMPILER_GLOBAL_ACCENT_COLOR_NAME = AccentColor;
				CODE_SIGN_STYLE = Automatic;
				CURRENT_PROJECT_VERSION = 1;
				DEVELOPMENT_ASSET_PATHS = "\"VerdeLunar/Preview Content\"";
				ENABLE_PREVIEWS = YES;
				GENERATE_INFOPLIST_FILE = YES;
				INFOPLIST_KEY_UIApplicationSceneManifest_Generation = YES;
				INFOPLIST_KEY_UIApplicationSupportsIndirectInputEvents = YES;
				INFOPLIST_KEY_UILaunchScreen_Generation = YES;
				INFOPLIST_KEY_UISupportedInterfaceOrientations_iPad = "UIInterfaceOrientationPortrait UIInterfaceOrientationPortraitUpsideDown UIInterfaceOrientationLandscapeLeft UIInterfaceOrientationLandscapeRight";
				INFOPLIST_KEY_UISupportedInterfaceOrientations_iPhone = "UIInterfaceOrientationPortrait UIInterfaceOrientationLandscapeLeft UIInterfaceOrientationLandscapeRight";
				LD_RUNPATH_SEARCH_PATHS = (
					"$(inherited)",
					"@executable_path/Frameworks",
				);
				MARKETING_VERSION = 1.0;
				PRODUCT_BUNDLE_IDENTIFIER = mx.tec.VerdeLunar;
				PRODUCT_NAME = "$(TARGET_NAME)";
				SWIFT_EMIT_LOC_STRINGS = YES;
				SWIFT_VERSION = 5.0;
				TARGETED_DEVICE_FAMILY = "1,2";
			};
			name = Release;
		};
/* End XCBuildConfiguration section */

/* Begin XCConfigurationList section */
		FBB7F80F2B9D1E2800B58C39 /* Build configuration list for PBXProject "VerdeLunar" */ = {
			isa = XCConfigurationList;
			buildConfigurations = (
				FBB7F8202B9D1E2A00B58C39 /* Debug */,
				FBB7F8212B9D1E2A00B58C39 /* Release */,
			);
			defaultConfigurationIsVisible = 0;
			defaultConfigurationName = Release;
		};
		FBB7F8222B9D1E2A00B58C39 /* Build configuration list for PBXNativeTarget "VerdeLunar" */ = {
			isa = XCConfigurationList;
			buildConfigurations = (
				FBB7F8232B9D1E2A00B58C39 /* Debug */,
				FBB7F8242B9D1E2A00B58C39 /* Release */,
			);
			defaultConfigurationIsVisible = 0;
			defaultConfigurationName = Release;
		};
/* End XCConfigurationList section */
	};
	rootObject = FBB7F80C2B9D1E2800B58C39 /* Project object */;
}
